
Microsoft Visual Studio Solution File, Format Version 12.00
# Visual Studio 15
VisualStudioVersion = 15.0.27703.2026
MinimumVisualStudioVersion = 10.0.40219.1
Project("{FAE04EC0-301F-11D3-BF4B-00C04F79EFBC}") = "FXExchange", "FXExchanger\FXExchange.csproj", "{955B32E3-F51F-43B8-ACB2-DD0C3DF8CFD3}"
EndProject
Project("{FAE04EC0-301F-11D3-BF4B-00C04F79EFBC}") = "FXExchange.Library", "FXExchanger.Library\FXExchange.Library.csproj", "{D0C43785-323F-44FE-9AFC-E68185E37024}"
EndProject
Project("{FAE04EC0-301F-11D3-BF4B-00C04F79EFBC}") = "FXExchange.Library.Tests", "FXExchanger.Library.Tests\FXExchange.Library.Tests.csproj", "{219AE53D-D8D6-48E8-AB10-B31FC4E52A78}"
EndProject
Global
	GlobalSection(SolutionConfigurationPlatforms) = preSolution
		Debug|Any CPU = Debug|Any CPU
		Release|Any CPU = Release|Any CPU
	EndGlobalSection
	GlobalSection(ProjectConfigurationPlatforms) = postSolution
		{955B32E3-F51F-43B8-ACB2-DD0C3DF8CFD3}.Debug|Any CPU.ActiveCfg = Debug|Any CPU
		{955B32E3-F51F-43B8-ACB2-DD0C3DF8CFD3}.Debug|Any CPU.Build.0 = Debug|Any CPU
		{955B32E3-F51F-43B8-ACB2-DD0C3DF8CFD3}.Release|Any CPU.ActiveCfg = Release|Any CPU
		{955B32E3-F51F-43B8-ACB2-DD0C3DF8CFD3}.Release|Any CPU.Build.0 = Release|Any CPU
		{D0C43785-323F-44FE-9AFC-E68185E37024}.Debug|Any CPU.ActiveCfg = Debug|Any CPU
		{D0C43785-323F-44FE-9AFC-E68185E37024}.Debug|Any CPU.Build.0 = Debug|Any CPU
		{D0C43785-323F-44FE-9AFC-E68185E37024}.Release|Any CPU.ActiveCfg = Release|Any CPU
		{D0C43785-323F-44FE-9AFC-E68185E37024}.Release|Any CPU.Build.0 = Release|Any CPU
		{219AE53D-D8D6-48E8-AB10-B31FC4E52A78}.Debug|Any CPU.ActiveCfg = Debug|Any CPU
		{219AE53D-D8D6-48E8-AB10-B31FC4E52A78}.Debug|Any CPU.Build.0 = Debug|Any CPU
		{219AE53D-D8D6-48E8-AB10-B31FC4E52A78}.Release|Any CPU.ActiveCfg = Release|Any CPU
		{219AE53D-D8D6-48E8-AB10-B31FC4E52A78}.Release|Any CPU.Build.0 = Release|Any CPU
	EndGlobalSection
	GlobalSection(SolutionProperties) = preSolution
		HideSolutionNode = FALSE
	EndGlobalSection
	GlobalSection(ExtensibilityGlobals) = postSolution
		SolutionGuid = {C9035767-BD52-4991-895E-B62F431AFC5F}
	EndGlobalSection
EndGlobal
